{
    "name": "vote4us",
    "version": "1.0.2",
    "lockfileVersion": 3,
    "requires": true,
    "packages": {
        "": {
            "name": "vote4us",
            "version": "1.0.2",
            "license": "MIT",
            "devDependencies": {
                "@wharfkit/session": "^1.2.8",
                "@wharfkit/transact-plugin-resource-provider": "^1.1.1",
                "@wharfkit/wallet-plugin-anchor": "^1.3.4",
                "@wharfkit/wallet-plugin-cleos": "^1.1.1",
                "@wharfkit/wallet-plugin-privatekey": "^1.1.0",
                "@wharfkit/web-renderer": "^1.2.4",
                "axios": "^1.7.4",
                "rxjs": "6.0.0",
                "typescript": "^5.0.0"
            }
        },
        "node_modules/@greymass/buoy": {
            "version": "1.0.4",
            "resolved": "https://registry.npmjs.org/@greymass/buoy/-/buoy-1.0.4.tgz",
            "integrity": "sha512-/O9EsjWJw81TiJcvKqMKxjrJpEfHKh8WcUK07gFT+uS0+JUKfoVrYVQn1qNOAdYWU+AZrhZJop8xP/LYmKfGHg==",
            "dev": true,
            "dependencies": {
                "eventemitter3": "^4.0.7",
                "tslib": "^2.1.0"
            }
        },
        "node_modules/@greymass/miniaes": {
            "version": "1.0.0",
            "resolved": "https://registry.npmjs.org/@greymass/miniaes/-/miniaes-1.0.0.tgz",
            "integrity": "sha512-xKYTnAyyoq3gpJS11JvU4dkju28M8Zbp06CuP3aKR4DMH6B2z64LauGGGzKksKh5Qd770JA/dzhLbImnBlymbg==",
            "dev": true,
            "dependencies": {
                "tslib": "^2.1.0"
            }
        },
        "node_modules/@wharfkit/abicache": {
            "version": "1.2.2",
            "resolved": "https://registry.npmjs.org/@wharfkit/abicache/-/abicache-1.2.2.tgz",
            "integrity": "sha512-yOsYz2qQpQy7Nb8XZj62pZqp8YnmWDqFlrenYksBb9jl+1aWIpFhWd+14VEez4tUAezRH4UWW+w1SX5vhmUY9A==",
            "dev": true,
            "dependencies": {
                "@wharfkit/antelope": "^1.0.2",
                "@wharfkit/signing-request": "^3.1.0",
                "pako": "^2.0.4",
                "tslib": "^2.1.0"
            }
        },
        "node_modules/@wharfkit/account": {
            "version": "1.2.0",
            "resolved": "https://registry.npmjs.org/@wharfkit/account/-/account-1.2.0.tgz",
            "integrity": "sha512-mO+FJEJVGJA3qEBD3LQmF0br157tva66jOwhB7E6UZZwuniXromkV51TKGWJ6hbi6HDwwiA1eSGWyQ6RDTQrSA==",
            "dev": true,
            "dependencies": {
                "@wharfkit/antelope": "^1.0.7",
                "@wharfkit/common": "^1.2.0",
                "@wharfkit/contract": "^1.0.0",
                "@wharfkit/resources": "^1.2.3",
                "@wharfkit/token": "^1.1.2",
                "tslib": "^2.1.0"
            }
        },
        "node_modules/@wharfkit/antelope": {
            "version": "1.0.12",
            "resolved": "https://registry.npmjs.org/@wharfkit/antelope/-/antelope-1.0.12.tgz",
            "integrity": "sha512-Iuqog3rgnW+o8S+Etw5mMto14e1RILIDnRfZAvRS1DOVFgAma6Vv+rT9rJpJq7ldvTBdZu35BImkfwl0iDJCVw==",
            "dev": true,
            "dependencies": {
                "bn.js": "^4.11.9",
                "brorand": "^1.1.0",
                "elliptic": "^6.5.4",
                "hash.js": "^1.0.0",
                "pako": "^2.1.0",
                "tslib": "^2.0.3"
            }
        },
        "node_modules/@wharfkit/common": {
            "version": "1.4.0",
            "resolved": "https://registry.npmjs.org/@wharfkit/common/-/common-1.4.0.tgz",
            "integrity": "sha512-j7A+tcGUqB935mrojfsNCYoSBu6ZcO1nkEANMYVmvjO8VD9ZWm/uPfu9HsdBlnspQIhNeKnQJZuVGdawp0Ioqg==",
            "dev": true,
            "dependencies": {
                "tslib": "^2.1.0"
            },
            "peerDependencies": {
                "@wharfkit/antelope": "^1.0.0"
            }
        },
        "node_modules/@wharfkit/contract": {
            "version": "1.1.5",
            "resolved": "https://registry.npmjs.org/@wharfkit/contract/-/contract-1.1.5.tgz",
            "integrity": "sha512-I4w2QFvD/zb4uj5z0U4uQJLRCiZEbrT+AJ9/5goGm6SU42fsRud/k55qSBzW8Ij00OAv2h1+e8rR7xzUruXC9g==",
            "dev": true,
            "dependencies": {
                "@wharfkit/abicache": "^1.2.0",
                "@wharfkit/antelope": "^1.0.4",
                "@wharfkit/signing-request": "^3.1.0",
                "tslib": "^2.1.0"
            }
        },
        "node_modules/@wharfkit/protocol-esr": {
            "version": "1.3.2",
            "resolved": "https://registry.npmjs.org/@wharfkit/protocol-esr/-/protocol-esr-1.3.2.tgz",
            "integrity": "sha512-LK/iP7T9ybGTl97SRtCNO2aBctY/JQ6yH9N+UkI7gthQPn4zmzAHr+Ew8rHlKSvX03FwoyD1EtB3klHRa00WLw==",
            "dev": true,
            "dependencies": {
                "@greymass/buoy": "^1.0.3",
                "@greymass/miniaes": "^1.0.0",
                "@wharfkit/antelope": "^1.0.5",
                "isomorphic-ws": "^5.0.0",
                "ws": "^8.13.0"
            },
            "peerDependencies": {
                "@wharfkit/antelope": "^1.0.5",
                "@wharfkit/session": "^1.2.7"
            }
        },
        "node_modules/@wharfkit/resources": {
            "version": "1.3.0",
            "resolved": "https://registry.npmjs.org/@wharfkit/resources/-/resources-1.3.0.tgz",
            "integrity": "sha512-nDn75+eVwyOXRX+rAYOmm3nuGz/yu646ZHkCKCKPS504PUmAvyCkE+XNIoouwUgSf2nWwmEoc7rX4XPcGCGsug==",
            "dev": true,
            "dependencies": {
                "@wharfkit/antelope": "^1.0.0",
                "bn.js": "^4.11.9",
                "js-big-decimal": "^2.0.7",
                "tslib": "^2.1.0"
            }
        },
        "node_modules/@wharfkit/session": {
            "version": "1.4.0",
            "resolved": "https://registry.npmjs.org/@wharfkit/session/-/session-1.4.0.tgz",
            "integrity": "sha512-U+K9eWbYzFeDshYwgrhyNoF47kYToKFpTe6xFAwaJO+2w0kIkP0vtJFl7ygd06muh7Hu3K1BqrZ3j6+FyyuIyA==",
            "dev": true,
            "dependencies": {
                "@wharfkit/abicache": "^1.2.1",
                "@wharfkit/account": "^1.0.0",
                "@wharfkit/antelope": "^1.0.11",
                "@wharfkit/common": "^1.2.0",
                "@wharfkit/signing-request": "^3.1.0",
                "pako": "^2.0.4",
                "tslib": "^2.1.0"
            }
        },
        "node_modules/@wharfkit/signing-request": {
            "version": "3.2.0",
            "resolved": "https://registry.npmjs.org/@wharfkit/signing-request/-/signing-request-3.2.0.tgz",
            "integrity": "sha512-rIMzqwAKA5vb09+1BI+9fUXbj73JIkYcD1XT/Tom+k/+bqi51JcmC0trjCOjTUOK9UYDabpxYFixrf1ZvQymKw==",
            "dev": true,
            "dependencies": {
                "@wharfkit/antelope": "^1.0.7",
                "tslib": "^2.0.3"
            }
        },
        "node_modules/@wharfkit/token": {
            "version": "1.1.2",
            "resolved": "https://registry.npmjs.org/@wharfkit/token/-/token-1.1.2.tgz",
            "integrity": "sha512-LYAGB7LnE3hxwjNsYYwpxbJ8APi0Y8pmh7i1SeKv13HaPVjuHisTnuPxJm3ndwU7pX9GT3hPyo/By0l3CEuLfw==",
            "dev": true,
            "dependencies": {
                "@wharfkit/antelope": "^1.0.4",
                "@wharfkit/contract": "^1.1.4",
                "bn.js": "^4.11.9",
                "tslib": "^2.1.0"
            }
        },
        "node_modules/@wharfkit/transact-plugin-resource-provider": {
            "version": "1.1.1",
            "resolved": "https://registry.npmjs.org/@wharfkit/transact-plugin-resource-provider/-/transact-plugin-resource-provider-1.1.1.tgz",
            "integrity": "sha512-y1VyXPyiO2ihPBej1FKhkuVh3UN5li+Bvjp5CIeNkL6XtmYw4Vdax9hO31qem3zs84YE+vB8WvogoSSICAU10Q==",
            "dev": true,
            "dependencies": {
                "tslib": "^2.1.0"
            },
            "peerDependencies": {
                "@wharfkit/session": "^1.1.0"
            }
        },
        "node_modules/@wharfkit/wallet-plugin-anchor": {
            "version": "1.4.0",
            "resolved": "https://registry.npmjs.org/@wharfkit/wallet-plugin-anchor/-/wallet-plugin-anchor-1.4.0.tgz",
            "integrity": "sha512-4BHWmxTk/wYRwUfATTbxOY3WYvmURkaQojvmm6HM6PB4PRQqTVcl5F/DBJQHgwu83SW7wsQ+g01U+dSpEZ0a/A==",
            "dev": true,
            "dependencies": {
                "@wharfkit/antelope": "^1.0.5",
                "@wharfkit/protocol-esr": "^1.3.2",
                "isomorphic-ws": "^5.0.0",
                "ws": "^8.13.0"
            },
            "peerDependencies": {
                "@wharfkit/session": "^1.2.7"
            }
        },
        "node_modules/@wharfkit/wallet-plugin-cleos": {
            "version": "1.2.0",
            "resolved": "https://registry.npmjs.org/@wharfkit/wallet-plugin-cleos/-/wallet-plugin-cleos-1.2.0.tgz",
            "integrity": "sha512-lO1AjLfyzRaj2kZc7vAoRhXWwsltNsW3j8uV9EDWmrpBuHYbq+odgQLgTZFenvxfUjsrnvCP1RHFyubDpo1QQg==",
            "dev": true,
            "dependencies": {
                "tslib": "^2.1.0"
            },
            "peerDependencies": {
                "@wharfkit/session": "^1.3.1"
            }
        },
        "node_modules/@wharfkit/wallet-plugin-privatekey": {
            "version": "1.1.0",
            "resolved": "https://registry.npmjs.org/@wharfkit/wallet-plugin-privatekey/-/wallet-plugin-privatekey-1.1.0.tgz",
            "integrity": "sha512-45LPj7AOVDm4RugDEhy0fnQX/BcMffeJPjGUCUrLazJ2S0Sti8nNk4nqiJqyme84c/0gq7d65vvwlmVfGtPVEg==",
            "dev": true,
            "dependencies": {
                "tslib": "^2.1.0"
            },
            "peerDependencies": {
                "@wharfkit/session": "^1.1.0"
            }
        },
        "node_modules/@wharfkit/web-renderer": {
            "version": "1.4.1",
            "resolved": "https://registry.npmjs.org/@wharfkit/web-renderer/-/web-renderer-1.4.1.tgz",
            "integrity": "sha512-ky/keS0rHxJcdIWLo7d9H6eo+rK0l2mQj/3xOCwVaDKBAd/dTQwuqYIzOYMC9azdyMglgNcTRgYWm5PJrU4lIA==",
            "dev": true,
            "peerDependencies": {
                "@wharfkit/session": "^1.4.0"
            }
        },
        "node_modules/asynckit": {
            "version": "0.4.0",
            "resolved": "https://registry.npmjs.org/asynckit/-/asynckit-0.4.0.tgz",
            "integrity": "sha512-Oei9OH4tRh0YqU3GxhX79dM/mwVgvbZJaSNaRk+bshkj0S5cfHcgYakreBjrHwatXKbz+IoIdYLxrKim2MjW0Q==",
            "dev": true
        },
        "node_modules/axios": {
            "version": "1.7.7",
            "resolved": "https://registry.npmjs.org/axios/-/axios-1.7.7.tgz",
            "integrity": "sha512-S4kL7XrjgBmvdGut0sN3yJxqYzrDOnivkBiN0OFs6hLiUam3UPvswUo0kqGyhqUZGEOytHyumEdXsAkgCOUf3Q==",
            "dev": true,
            "dependencies": {
                "follow-redirects": "^1.15.6",
                "form-data": "^4.0.0",
                "proxy-from-env": "^1.1.0"
            }
        },
        "node_modules/bn.js": {
            "version": "4.12.0",
            "resolved": "https://registry.npmjs.org/bn.js/-/bn.js-4.12.0.tgz",
            "integrity": "sha512-c98Bf3tPniI+scsdk237ku1Dc3ujXQTSgyiPUDEOe7tRkhrqridvh8klBv0HCEso1OLOYcHuCv/cS6DNxKH+ZA==",
            "dev": true
        },
        "node_modules/brorand": {
            "version": "1.1.0",
            "resolved": "https://registry.npmjs.org/brorand/-/brorand-1.1.0.tgz",
            "integrity": "sha512-cKV8tMCEpQs4hK/ik71d6LrPOnpkpGBR0wzxqr68g2m/LB2GxVYQroAjMJZRVM1Y4BCjCKc3vAamxSzOY2RP+w==",
            "dev": true
        },
        "node_modules/combined-stream": {
            "version": "1.0.8",
            "resolved": "https://registry.npmjs.org/combined-stream/-/combined-stream-1.0.8.tgz",
            "integrity": "sha512-FQN4MRfuJeHf7cBbBMJFXhKSDq+2kAArBlmRBvcvFE5BB1HZKXtSFASDhdlz9zOYwxh8lDdnvmMOe/+5cdoEdg==",
            "dev": true,
            "dependencies": {
                "delayed-stream": "~1.0.0"
            },
            "engines": {
                "node": ">= 0.8"
            }
        },
        "node_modules/delayed-stream": {
            "version": "1.0.0",
            "resolved": "https://registry.npmjs.org/delayed-stream/-/delayed-stream-1.0.0.tgz",
            "integrity": "sha512-ZySD7Nf91aLB0RxL4KGrKHBXl7Eds1DAmEdcoVawXnLD7SDhpNgtuII2aAkg7a7QS41jxPSZ17p4VdGnMHk3MQ==",
            "dev": true,
            "engines": {
                "node": ">=0.4.0"
            }
        },
        "node_modules/elliptic": {
            "version": "6.5.7",
            "resolved": "https://registry.npmjs.org/elliptic/-/elliptic-6.5.7.tgz",
            "integrity": "sha512-ESVCtTwiA+XhY3wyh24QqRGBoP3rEdDUl3EDUUo9tft074fi19IrdpH7hLCMMP3CIj7jb3W96rn8lt/BqIlt5Q==",
            "dev": true,
            "dependencies": {
                "bn.js": "^4.11.9",
                "brorand": "^1.1.0",
                "hash.js": "^1.0.0",
                "hmac-drbg": "^1.0.1",
                "inherits": "^2.0.4",
                "minimalistic-assert": "^1.0.1",
                "minimalistic-crypto-utils": "^1.0.1"
            }
        },
        "node_modules/eventemitter3": {
            "version": "4.0.7",
            "resolved": "https://registry.npmjs.org/eventemitter3/-/eventemitter3-4.0.7.tgz",
            "integrity": "sha512-8guHBZCwKnFhYdHr2ysuRWErTwhoN2X8XELRlrRwpmfeY2jjuUN4taQMsULKUVo1K4DvZl+0pgfyoysHxvmvEw==",
            "dev": true
        },
        "node_modules/follow-redirects": {
            "version": "1.15.9",
            "resolved": "https://registry.npmjs.org/follow-redirects/-/follow-redirects-1.15.9.tgz",
            "integrity": "sha512-gew4GsXizNgdoRyqmyfMHyAmXsZDk6mHkSxZFCzW9gwlbtOW44CDtYavM+y+72qD/Vq2l550kMF52DT8fOLJqQ==",
            "dev": true,
            "funding": [
                {
                    "type": "individual",
                    "url": "https://github.com/sponsors/RubenVerborgh"
                }
            ],
            "engines": {
                "node": ">=4.0"
            },
            "peerDependenciesMeta": {
                "debug": {
                    "optional": true
                }
            }
        },
        "node_modules/form-data": {
            "version": "4.0.1",
            "resolved": "https://registry.npmjs.org/form-data/-/form-data-4.0.1.tgz",
            "integrity": "sha512-tzN8e4TX8+kkxGPK8D5u0FNmjPUjw3lwC9lSLxxoB/+GtsJG91CO8bSWy73APlgAZzZbXEYZJuxjkHH2w+Ezhw==",
            "dev": true,
            "dependencies": {
                "asynckit": "^0.4.0",
                "combined-stream": "^1.0.8",
                "mime-types": "^2.1.12"
            },
            "engines": {
                "node": ">= 6"
            }
        },
        "node_modules/hash.js": {
            "version": "1.1.7",
            "resolved": "https://registry.npmjs.org/hash.js/-/hash.js-1.1.7.tgz",
            "integrity": "sha512-taOaskGt4z4SOANNseOviYDvjEJinIkRgmp7LbKP2YTTmVxWBl87s/uzK9r+44BclBSp2X7K1hqeNfz9JbBeXA==",
            "dev": true,
            "dependencies": {
                "inherits": "^2.0.3",
                "minimalistic-assert": "^1.0.1"
            }
        },
        "node_modules/hmac-drbg": {
            "version": "1.0.1",
            "resolved": "https://registry.npmjs.org/hmac-drbg/-/hmac-drbg-1.0.1.tgz",
            "integrity": "sha512-Tti3gMqLdZfhOQY1Mzf/AanLiqh1WTiJgEj26ZuYQ9fbkLomzGchCws4FyrSd4VkpBfiNhaE1On+lOz894jvXg==",
            "dev": true,
            "dependencies": {
                "hash.js": "^1.0.3",
                "minimalistic-assert": "^1.0.0",
                "minimalistic-crypto-utils": "^1.0.1"
            }
        },
        "node_modules/inherits": {
            "version": "2.0.4",
            "resolved": "https://registry.npmjs.org/inherits/-/inherits-2.0.4.tgz",
            "integrity": "sha512-k/vGaX4/Yla3WzyMCvTQOXYeIHvqOKtnqBduzTHpzpQZzAskKMhZ2K+EnBiSM9zGSoIFeMpXKxa4dYeZIQqewQ==",
            "dev": true
        },
        "node_modules/isomorphic-ws": {
            "version": "5.0.0",
            "resolved": "https://registry.npmjs.org/isomorphic-ws/-/isomorphic-ws-5.0.0.tgz",
            "integrity": "sha512-muId7Zzn9ywDsyXgTIafTry2sV3nySZeUDe6YedVd1Hvuuep5AsIlqK+XefWpYTyJG5e503F2xIuT2lcU6rCSw==",
            "dev": true,
            "peerDependencies": {
                "ws": "*"
            }
        },
        "node_modules/js-big-decimal": {
            "version": "2.1.0",
            "resolved": "https://registry.npmjs.org/js-big-decimal/-/js-big-decimal-2.1.0.tgz",
            "integrity": "sha512-6BOJi5gJ/u5KIOiRjwDnYee64wDw48/mzObV10L5ZYZ/u3ujpzJrO1JyIdIYbfxJPhIT7+oKn7d/1Fw1kOsh2w==",
            "dev": true
        },
        "node_modules/mime-db": {
            "version": "1.52.0",
            "resolved": "https://registry.npmjs.org/mime-db/-/mime-db-1.52.0.tgz",
            "integrity": "sha512-sPU4uV7dYlvtWJxwwxHD0PuihVNiE7TyAbQ5SWxDCB9mUYvOgroQOwYQQOKPJ8CIbE+1ETVlOoK1UC2nU3gYvg==",
            "dev": true,
            "engines": {
                "node": ">= 0.6"
            }
        },
        "node_modules/mime-types": {
            "version": "2.1.35",
            "resolved": "https://registry.npmjs.org/mime-types/-/mime-types-2.1.35.tgz",
            "integrity": "sha512-ZDY+bPm5zTTF+YpCrAU9nK0UgICYPT0QtT1NZWFv4s++TNkcgVaT0g6+4R2uI4MjQjzysHB1zxuWL50hzaeXiw==",
            "dev": true,
            "dependencies": {
                "mime-db": "1.52.0"
            },
            "engines": {
                "node": ">= 0.6"
            }
        },
        "node_modules/minimalistic-assert": {
            "version": "1.0.1",
            "resolved": "https://registry.npmjs.org/minimalistic-assert/-/minimalistic-assert-1.0.1.tgz",
            "integrity": "sha512-UtJcAD4yEaGtjPezWuO9wC4nwUnVH/8/Im3yEHQP4b67cXlD/Qr9hdITCU1xDbSEXg2XKNaP8jsReV7vQd00/A==",
            "dev": true
        },
        "node_modules/minimalistic-crypto-utils": {
            "version": "1.0.1",
            "resolved": "https://registry.npmjs.org/minimalistic-crypto-utils/-/minimalistic-crypto-utils-1.0.1.tgz",
            "integrity": "sha512-JIYlbt6g8i5jKfJ3xz7rF0LXmv2TkDxBLUkiBeZ7bAx4GnnNMr8xFpGnOxn6GhTEHx3SjRrZEoU+j04prX1ktg==",
            "dev": true
        },
        "node_modules/pako": {
            "version": "2.1.0",
            "resolved": "https://registry.npmjs.org/pako/-/pako-2.1.0.tgz",
            "integrity": "sha512-w+eufiZ1WuJYgPXbV/PO3NCMEc3xqylkKHzp8bxp1uW4qaSNQUkwmLLEc3kKsfz8lpV1F8Ht3U1Cm+9Srog2ug==",
            "dev": true
        },
        "node_modules/proxy-from-env": {
            "version": "1.1.0",
            "resolved": "https://registry.npmjs.org/proxy-from-env/-/proxy-from-env-1.1.0.tgz",
            "integrity": "sha512-D+zkORCbA9f1tdWRK0RaCR3GPv50cMxcrz4X8k5LTSUD1Dkw47mKJEZQNunItRTkWwgtaUSo1RVFRIG9ZXiFYg==",
            "dev": true
        },
        "node_modules/rxjs": {
            "version": "6.0.0",
            "resolved": "https://registry.npmjs.org/rxjs/-/rxjs-6.0.0.tgz",
            "integrity": "sha512-2MgLQr1zvks8+Kip4T6hcJdiBhV+SIvxguoWjhwtSpNPTp/5e09HJbgclCwR/nW0yWzhubM+6Q0prl8G5RuoBA==",
            "dev": true,
            "dependencies": {
                "tslib": "^1.9.0"
            },
            "engines": {
                "npm": ">=2.0.0"
            }
        },
        "node_modules/rxjs/node_modules/tslib": {
            "version": "1.14.1",
            "resolved": "https://registry.npmjs.org/tslib/-/tslib-1.14.1.tgz",
            "integrity": "sha512-Xni35NKzjgMrwevysHTCArtLDpPvye8zV/0E4EyYn43P7/7qvQwPh9BGkHewbMulVntbigmcT7rdX3BNo9wRJg==",
            "dev": true
        },
        "node_modules/tslib": {
            "version": "2.7.0",
            "resolved": "https://registry.npmjs.org/tslib/-/tslib-2.7.0.tgz",
            "integrity": "sha512-gLXCKdN1/j47AiHiOkJN69hJmcbGTHI0ImLmbYLHykhgeN0jVGola9yVjFgzCUklsZQMW55o+dW7IXv3RCXDzA==",
            "dev": true
        },
        "node_modules/typescript": {
            "version": "5.6.3",
            "resolved": "https://registry.npmjs.org/typescript/-/typescript-5.6.3.tgz",
            "integrity": "sha512-hjcS1mhfuyi4WW8IWtjP7brDrG2cuDZukyrYrSauoXGNgx0S7zceP07adYkJycEr56BOUTNPzbInooiN3fn1qw==",
            "dev": true,
            "bin": {
                "tsc": "bin/tsc",
                "tsserver": "bin/tsserver"
            },
            "engines": {
                "node": ">=14.17"
            }
        },
        "node_modules/ws": {
            "version": "8.18.0",
            "resolved": "https://registry.npmjs.org/ws/-/ws-8.18.0.tgz",
            "integrity": "sha512-8VbfWfHLbbwu3+N6OKsOMpBdT4kXPDDB9cJk2bJ6mh9ucxdlnNvH1e+roYkKmN9Nxw2yjz7VzeO9oOz2zJ04Pw==",
            "dev": true,
            "engines": {
                "node": ">=10.0.0"
            },
            "peerDependencies": {
                "bufferutil": "^4.0.1",
                "utf-8-validate": ">=5.0.2"
            },
            "peerDependenciesMeta": {
                "bufferutil": {
                    "optional": true
                },
                "utf-8-validate": {
                    "optional": true
                }
            }
        }
    }
}
